
Microsoft Visual Studio Solution File, Format Version 12.00
# Visual Studio Version 16
VisualStudioVersion = 16.0.29409.12
MinimumVisualStudioVersion = 10.0.40219.1
Project("{9A19103F-16F7-4668-BE54-9A1E7A4F7556}") = "eRent", "travelAworld\eRent.csproj", "{2341FC89-76F8-4717-A117-EEA3BF31CB0D}"
EndProject
Project("{9A19103F-16F7-4668-BE54-9A1E7A4F7556}") = "eRent.Model", "travelAworld.Model\eRent.Model.csproj", "{63DF2AD2-4179-4CD1-B83A-37EE2883555C}"
EndProject
Project("{2150E333-8FDC-42A3-9474-1A3956D46DE8}") = "UI", "UI", "{3261714C-03F7-491F-996B-D0215B81D6E7}"
EndProject
Project("{FAE04EC0-301F-11D3-BF4B-00C04F79EFBC}") = "eRent.WinUI", "travelAworld.WinUI\eRent.WinUI.csproj", "{400EB1D7-522F-4C7A-BCD7-FEB2FA4C0F96}"
EndProject
Project("{2150E333-8FDC-42A3-9474-1A3956D46DE8}") = "Mobile", "Mobile", "{C3A384D5-5AB9-4724-ADF2-A0C405724BEB}"
EndProject
Project("{FAE04EC0-301F-11D3-BF4B-00C04F79EFBC}") = "travelAworld.MobileApp.UWP", "travelAworld.MobileApp\travelAworld.MobileApp.UWP\travelAworld.MobileApp.UWP.csproj", "{765CDA7F-B091-46FD-A12D-EBC1B71F9EAF}"
EndProject
Project("{FAE04EC0-301F-11D3-BF4B-00C04F79EFBC}") = "travelAworld.MobileApp.Android", "travelAworld.MobileApp\travelAworld.MobileApp.Android\travelAworld.MobileApp.Android.csproj", "{8B1D98FA-476F-4914-9D82-463FE9C77952}"
EndProject
Project("{FAE04EC0-301F-11D3-BF4B-00C04F79EFBC}") = "travelAworld.MobileApp.iOS", "travelAworld.MobileApp\travelAworld.MobileApp.iOS\travelAworld.MobileApp.iOS.csproj", "{112F53A3-BD1C-4EF0-8F3E-46E5075FDD78}"
EndProject
Project("{9A19103F-16F7-4668-BE54-9A1E7A4F7556}") = "travelAworld.MobileApp", "travelAworld.MobileApp\travelAworld.MobileApp\travelAworld.MobileApp.csproj", "{231DC3AC-9B9D-44A5-9BB2-2DE591697F0A}"
EndProject
Global
	GlobalSection(SolutionConfigurationPlatforms) = preSolution
		Debug|Any CPU = Debug|Any CPU
		Debug|ARM = Debug|ARM
		Debug|iPhone = Debug|iPhone
		Debug|iPhoneSimulator = Debug|iPhoneSimulator
		Debug|x64 = Debug|x64
		Debug|x86 = Debug|x86
		Release|Any CPU = Release|Any CPU
		Release|ARM = Release|ARM
		Release|iPhone = Release|iPhone
		Release|iPhoneSimulator = Release|iPhoneSimulator
		Release|x64 = Release|x64
		Release|x86 = Release|x86
	EndGlobalSection
	GlobalSection(ProjectConfigurationPlatforms) = postSolution
		{2341FC89-76F8-4717-A117-EEA3BF31CB0D}.Debug|Any CPU.ActiveCfg = Debug|Any CPU
		{2341FC89-76F8-4717-A117-EEA3BF31CB0D}.Debug|Any CPU.Build.0 = Debug|Any CPU
		{2341FC89-76F8-4717-A117-EEA3BF31CB0D}.Debug|ARM.ActiveCfg = Debug|Any CPU
		{2341FC89-76F8-4717-A117-EEA3BF31CB0D}.Debug|ARM.Build.0 = Debug|Any CPU
		{2341FC89-76F8-4717-A117-EEA3BF31CB0D}.Debug|iPhone.ActiveCfg = Debug|Any CPU
		{2341FC89-76F8-4717-A117-EEA3BF31CB0D}.Debug|iPhone.Build.0 = Debug|Any CPU
		{2341FC89-76F8-4717-A117-EEA3BF31CB0D}.Debug|iPhoneSimulator.ActiveCfg = Debug|Any CPU
		{2341FC89-76F8-4717-A117-EEA3BF31CB0D}.Debug|iPhoneSimulator.Build.0 = Debug|Any CPU
		{2341FC89-76F8-4717-A117-EEA3BF31CB0D}.Debug|x64.ActiveCfg = Debug|Any CPU
		{2341FC89-76F8-4717-A117-EEA3BF31CB0D}.Debug|x64.Build.0 = Debug|Any CPU
		{2341FC89-76F8-4717-A117-EEA3BF31CB0D}.Debug|x86.ActiveCfg = Debug|Any CPU
		{2341FC89-76F8-4717-A117-EEA3BF31CB0D}.Debug|x86.Build.0 = Debug|Any CPU
		{2341FC89-76F8-4717-A117-EEA3BF31CB0D}.Release|Any CPU.ActiveCfg = Release|Any CPU
		{2341FC89-76F8-4717-A117-EEA3BF31CB0D}.Release|Any CPU.Build.0 = Release|Any CPU
		{2341FC89-76F8-4717-A117-EEA3BF31CB0D}.Release|ARM.ActiveCfg = Release|Any CPU
		{2341FC89-76F8-4717-A117-EEA3BF31CB0D}.Release|ARM.Build.0 = Release|Any CPU
		{2341FC89-76F8-4717-A117-EEA3BF31CB0D}.Release|iPhone.ActiveCfg = Release|Any CPU
		{2341FC89-76F8-4717-A117-EEA3BF31CB0D}.Release|iPhone.Build.0 = Release|Any CPU
		{2341FC89-76F8-4717-A117-EEA3BF31CB0D}.Release|iPhoneSimulator.ActiveCfg = Release|Any CPU
		{2341FC89-76F8-4717-A117-EEA3BF31CB0D}.Release|iPhoneSimulator.Build.0 = Release|Any CPU
		{2341FC89-76F8-4717-A117-EEA3BF31CB0D}.Release|x64.ActiveCfg = Release|Any CPU
		{2341FC89-76F8-4717-A117-EEA3BF31CB0D}.Release|x64.Build.0 = Release|Any CPU
		{2341FC89-76F8-4717-A117-EEA3BF31CB0D}.Release|x86.ActiveCfg = Release|Any CPU
		{2341FC89-76F8-4717-A117-EEA3BF31CB0D}.Release|x86.Build.0 = Release|Any CPU
		{63DF2AD2-4179-4CD1-B83A-37EE2883555C}.Debug|Any CPU.ActiveCfg = Debug|Any CPU
		{63DF2AD2-4179-4CD1-B83A-37EE2883555C}.Debug|Any CPU.Build.0 = Debug|Any CPU
		{63DF2AD2-4179-4CD1-B83A-37EE2883555C}.Debug|ARM.ActiveCfg = Debug|Any CPU
		{63DF2AD2-4179-4CD1-B83A-37EE2883555C}.Debug|ARM.Build.0 = Debug|Any CPU
		{63DF2AD2-4179-4CD1-B83A-37EE2883555C}.Debug|iPhone.ActiveCfg = Debug|Any CPU
		{63DF2AD2-4179-4CD1-B83A-37EE2883555C}.Debug|iPhone.Build.0 = Debug|Any CPU
		{63DF2AD2-4179-4CD1-B83A-37EE2883555C}.Debug|iPhoneSimulator.ActiveCfg = Debug|Any CPU
		{63DF2AD2-4179-4CD1-B83A-37EE2883555C}.Debug|iPhoneSimulator.Build.0 = Debug|Any CPU
		{63DF2AD2-4179-4CD1-B83A-37EE2883555C}.Debug|x64.ActiveCfg = Debug|Any CPU
		{63DF2AD2-4179-4CD1-B83A-37EE2883555C}.Debug|x64.Build.0 = Debug|Any CPU
		{63DF2AD2-4179-4CD1-B83A-37EE2883555C}.Debug|x86.ActiveCfg = Debug|Any CPU
		{63DF2AD2-4179-4CD1-B83A-37EE2883555C}.Debug|x86.Build.0 = Debug|Any CPU
		{63DF2AD2-4179-4CD1-B83A-37EE2883555C}.Release|Any CPU.ActiveCfg = Release|Any CPU
		{63DF2AD2-4179-4CD1-B83A-37EE2883555C}.Release|Any CPU.Build.0 = Release|Any CPU
		{63DF2AD2-4179-4CD1-B83A-37EE2883555C}.Release|ARM.ActiveCfg = Release|Any CPU
		{63DF2AD2-4179-4CD1-B83A-37EE2883555C}.Release|ARM.Build.0 = Release|Any CPU
		{63DF2AD2-4179-4CD1-B83A-37EE2883555C}.Release|iPhone.ActiveCfg = Release|Any CPU
		{63DF2AD2-4179-4CD1-B83A-37EE2883555C}.Release|iPhone.Build.0 = Release|Any CPU
		{63DF2AD2-4179-4CD1-B83A-37EE2883555C}.Release|iPhoneSimulator.ActiveCfg = Release|Any CPU
		{63DF2AD2-4179-4CD1-B83A-37EE2883555C}.Release|iPhoneSimulator.Build.0 = Release|Any CPU
		{63DF2AD2-4179-4CD1-B83A-37EE2883555C}.Release|x64.ActiveCfg = Release|Any CPU
		{63DF2AD2-4179-4CD1-B83A-37EE2883555C}.Release|x64.Build.0 = Release|Any CPU
		{63DF2AD2-4179-4CD1-B83A-37EE2883555C}.Release|x86.ActiveCfg = Release|Any CPU
		{63DF2AD2-4179-4CD1-B83A-37EE2883555C}.Release|x86.Build.0 = Release|Any CPU
		{400EB1D7-522F-4C7A-BCD7-FEB2FA4C0F96}.Debug|Any CPU.ActiveCfg = Debug|Any CPU
		{400EB1D7-522F-4C7A-BCD7-FEB2FA4C0F96}.Debug|Any CPU.Build.0 = Debug|Any CPU
		{400EB1D7-522F-4C7A-BCD7-FEB2FA4C0F96}.Debug|ARM.ActiveCfg = Debug|Any CPU
		{400EB1D7-522F-4C7A-BCD7-FEB2FA4C0F96}.Debug|ARM.Build.0 = Debug|Any CPU
		{400EB1D7-522F-4C7A-BCD7-FEB2FA4C0F96}.Debug|iPhone.ActiveCfg = Debug|Any CPU
		{400EB1D7-522F-4C7A-BCD7-FEB2FA4C0F96}.Debug|iPhone.Build.0 = Debug|Any CPU
		{400EB1D7-522F-4C7A-BCD7-FEB2FA4C0F96}.Debug|iPhoneSimulator.ActiveCfg = Debug|Any CPU
		{400EB1D7-522F-4C7A-BCD7-FEB2FA4C0F96}.Debug|iPhoneSimulator.Build.0 = Debug|Any CPU
		{400EB1D7-522F-4C7A-BCD7-FEB2FA4C0F96}.Debug|x64.ActiveCfg = Debug|Any CPU
		{400EB1D7-522F-4C7A-BCD7-FEB2FA4C0F96}.Debug|x64.Build.0 = Debug|Any CPU
		{400EB1D7-522F-4C7A-BCD7-FEB2FA4C0F96}.Debug|x86.ActiveCfg = Debug|Any CPU
		{400EB1D7-522F-4C7A-BCD7-FEB2FA4C0F96}.Debug|x86.Build.0 = Debug|Any CPU
		{400EB1D7-522F-4C7A-BCD7-FEB2FA4C0F96}.Release|Any CPU.ActiveCfg = Release|Any CPU
		{400EB1D7-522F-4C7A-BCD7-FEB2FA4C0F96}.Release|Any CPU.Build.0 = Release|Any CPU
		{400EB1D7-522F-4C7A-BCD7-FEB2FA4C0F96}.Release|ARM.ActiveCfg = Release|Any CPU
		{400EB1D7-522F-4C7A-BCD7-FEB2FA4C0F96}.Release|ARM.Build.0 = Release|Any CPU
		{400EB1D7-522F-4C7A-BCD7-FEB2FA4C0F96}.Release|iPhone.ActiveCfg = Release|Any CPU
		{400EB1D7-522F-4C7A-BCD7-FEB2FA4C0F96}.Release|iPhone.Build.0 = Release|Any CPU
		{400EB1D7-522F-4C7A-BCD7-FEB2FA4C0F96}.Release|iPhoneSimulator.ActiveCfg = Release|Any CPU
		{400EB1D7-522F-4C7A-BCD7-FEB2FA4C0F96}.Release|iPhoneSimulator.Build.0 = Release|Any CPU
		{400EB1D7-522F-4C7A-BCD7-FEB2FA4C0F96}.Release|x64.ActiveCfg = Release|Any CPU
		{400EB1D7-522F-4C7A-BCD7-FEB2FA4C0F96}.Release|x64.Build.0 = Release|Any CPU
		{400EB1D7-522F-4C7A-BCD7-FEB2FA4C0F96}.Release|x86.ActiveCfg = Release|Any CPU
		{400EB1D7-522F-4C7A-BCD7-FEB2FA4C0F96}.Release|x86.Build.0 = Release|Any CPU
		{765CDA7F-B091-46FD-A12D-EBC1B71F9EAF}.Debug|Any CPU.ActiveCfg = Debug|x86
		{765CDA7F-B091-46FD-A12D-EBC1B71F9EAF}.Debug|Any CPU.Build.0 = Debug|x86
		{765CDA7F-B091-46FD-A12D-EBC1B71F9EAF}.Debug|Any CPU.Deploy.0 = Debug|x86
		{765CDA7F-B091-46FD-A12D-EBC1B71F9EAF}.Debug|ARM.ActiveCfg = Debug|ARM
		{765CDA7F-B091-46FD-A12D-EBC1B71F9EAF}.Debug|ARM.Build.0 = Debug|ARM
		{765CDA7F-B091-46FD-A12D-EBC1B71F9EAF}.Debug|ARM.Deploy.0 = Debug|ARM
		{765CDA7F-B091-46FD-A12D-EBC1B71F9EAF}.Debug|iPhone.ActiveCfg = Debug|x86
		{765CDA7F-B091-46FD-A12D-EBC1B71F9EAF}.Debug|iPhoneSimulator.ActiveCfg = Debug|x86
		{765CDA7F-B091-46FD-A12D-EBC1B71F9EAF}.Debug|x64.ActiveCfg = Debug|x64
		{765CDA7F-B091-46FD-A12D-EBC1B71F9EAF}.Debug|x64.Build.0 = Debug|x64
		{765CDA7F-B091-46FD-A12D-EBC1B71F9EAF}.Debug|x64.Deploy.0 = Debug|x64
		{765CDA7F-B091-46FD-A12D-EBC1B71F9EAF}.Debug|x86.ActiveCfg = Debug|x86
		{765CDA7F-B091-46FD-A12D-EBC1B71F9EAF}.Debug|x86.Build.0 = Debug|x86
		{765CDA7F-B091-46FD-A12D-EBC1B71F9EAF}.Debug|x86.Deploy.0 = Debug|x86
		{765CDA7F-B091-46FD-A12D-EBC1B71F9EAF}.Release|Any CPU.ActiveCfg = Release|x86
		{765CDA7F-B091-46FD-A12D-EBC1B71F9EAF}.Release|ARM.ActiveCfg = Release|ARM
		{765CDA7F-B091-46FD-A12D-EBC1B71F9EAF}.Release|ARM.Build.0 = Release|ARM
		{765CDA7F-B091-46FD-A12D-EBC1B71F9EAF}.Release|ARM.Deploy.0 = Release|ARM
		{765CDA7F-B091-46FD-A12D-EBC1B71F9EAF}.Release|iPhone.ActiveCfg = Release|x86
		{765CDA7F-B091-46FD-A12D-EBC1B71F9EAF}.Release|iPhoneSimulator.ActiveCfg = Release|x86
		{765CDA7F-B091-46FD-A12D-EBC1B71F9EAF}.Release|x64.ActiveCfg = Release|x64
		{765CDA7F-B091-46FD-A12D-EBC1B71F9EAF}.Release|x64.Build.0 = Release|x64
		{765CDA7F-B091-46FD-A12D-EBC1B71F9EAF}.Release|x64.Deploy.0 = Release|x64
		{765CDA7F-B091-46FD-A12D-EBC1B71F9EAF}.Release|x86.ActiveCfg = Release|x86
		{765CDA7F-B091-46FD-A12D-EBC1B71F9EAF}.Release|x86.Build.0 = Release|x86
		{765CDA7F-B091-46FD-A12D-EBC1B71F9EAF}.Release|x86.Deploy.0 = Release|x86
		{8B1D98FA-476F-4914-9D82-463FE9C77952}.Debug|Any CPU.ActiveCfg = Debug|Any CPU
		{8B1D98FA-476F-4914-9D82-463FE9C77952}.Debug|ARM.ActiveCfg = Debug|Any CPU
		{8B1D98FA-476F-4914-9D82-463FE9C77952}.Debug|ARM.Build.0 = Debug|Any CPU
		{8B1D98FA-476F-4914-9D82-463FE9C77952}.Debug|ARM.Deploy.0 = Debug|Any CPU
		{8B1D98FA-476F-4914-9D82-463FE9C77952}.Debug|iPhone.ActiveCfg = Debug|Any CPU
		{8B1D98FA-476F-4914-9D82-463FE9C77952}.Debug|iPhone.Build.0 = Debug|Any CPU
		{8B1D98FA-476F-4914-9D82-463FE9C77952}.Debug|iPhone.Deploy.0 = Debug|Any CPU
		{8B1D98FA-476F-4914-9D82-463FE9C77952}.Debug|iPhoneSimulator.ActiveCfg = Debug|Any CPU
		{8B1D98FA-476F-4914-9D82-463FE9C77952}.Debug|iPhoneSimulator.Build.0 = Debug|Any CPU
		{8B1D98FA-476F-4914-9D82-463FE9C77952}.Debug|iPhoneSimulator.Deploy.0 = Debug|Any CPU
		{8B1D98FA-476F-4914-9D82-463FE9C77952}.Debug|x64.ActiveCfg = Debug|Any CPU
		{8B1D98FA-476F-4914-9D82-463FE9C77952}.Debug|x64.Build.0 = Debug|Any CPU
		{8B1D98FA-476F-4914-9D82-463FE9C77952}.Debug|x64.Deploy.0 = Debug|Any CPU
		{8B1D98FA-476F-4914-9D82-463FE9C77952}.Debug|x86.ActiveCfg = Debug|Any CPU
		{8B1D98FA-476F-4914-9D82-463FE9C77952}.Debug|x86.Build.0 = Debug|Any CPU
		{8B1D98FA-476F-4914-9D82-463FE9C77952}.Debug|x86.Deploy.0 = Debug|Any CPU
		{8B1D98FA-476F-4914-9D82-463FE9C77952}.Release|Any CPU.ActiveCfg = Release|Any CPU
		{8B1D98FA-476F-4914-9D82-463FE9C77952}.Release|Any CPU.Build.0 = Release|Any CPU
		{8B1D98FA-476F-4914-9D82-463FE9C77952}.Release|Any CPU.Deploy.0 = Release|Any CPU
		{8B1D98FA-476F-4914-9D82-463FE9C77952}.Release|ARM.ActiveCfg = Release|Any CPU
		{8B1D98FA-476F-4914-9D82-463FE9C77952}.Release|ARM.Build.0 = Release|Any CPU
		{8B1D98FA-476F-4914-9D82-463FE9C77952}.Release|ARM.Deploy.0 = Release|Any CPU
		{8B1D98FA-476F-4914-9D82-463FE9C77952}.Release|iPhone.ActiveCfg = Release|Any CPU
		{8B1D98FA-476F-4914-9D82-463FE9C77952}.Release|iPhone.Build.0 = Release|Any CPU
		{8B1D98FA-476F-4914-9D82-463FE9C77952}.Release|iPhone.Deploy.0 = Release|Any CPU
		{8B1D98FA-476F-4914-9D82-463FE9C77952}.Release|iPhoneSimulator.ActiveCfg = Release|Any CPU
		{8B1D98FA-476F-4914-9D82-463FE9C77952}.Release|iPhoneSimulator.Build.0 = Release|Any CPU
		{8B1D98FA-476F-4914-9D82-463FE9C77952}.Release|iPhoneSimulator.Deploy.0 = Release|Any CPU
		{8B1D98FA-476F-4914-9D82-463FE9C77952}.Release|x64.ActiveCfg = Release|Any CPU
		{8B1D98FA-476F-4914-9D82-463FE9C77952}.Release|x64.Build.0 = Release|Any CPU
		{8B1D98FA-476F-4914-9D82-463FE9C77952}.Release|x64.Deploy.0 = Release|Any CPU
		{8B1D98FA-476F-4914-9D82-463FE9C77952}.Release|x86.ActiveCfg = Release|Any CPU
		{8B1D98FA-476F-4914-9D82-463FE9C77952}.Release|x86.Build.0 = Release|Any CPU
		{8B1D98FA-476F-4914-9D82-463FE9C77952}.Release|x86.Deploy.0 = Release|Any CPU
		{112F53A3-BD1C-4EF0-8F3E-46E5075FDD78}.Debug|Any CPU.ActiveCfg = Debug|iPhone
		{112F53A3-BD1C-4EF0-8F3E-46E5075FDD78}.Debug|ARM.ActiveCfg = Debug|iPhone
		{112F53A3-BD1C-4EF0-8F3E-46E5075FDD78}.Debug|iPhone.ActiveCfg = Debug|iPhone
		{112F53A3-BD1C-4EF0-8F3E-46E5075FDD78}.Debug|iPhone.Build.0 = Debug|iPhone
		{112F53A3-BD1C-4EF0-8F3E-46E5075FDD78}.Debug|iPhoneSimulator.ActiveCfg = Debug|iPhoneSimulator
		{112F53A3-BD1C-4EF0-8F3E-46E5075FDD78}.Debug|iPhoneSimulator.Build.0 = Debug|iPhoneSimulator
		{112F53A3-BD1C-4EF0-8F3E-46E5075FDD78}.Debug|x64.ActiveCfg = Debug|iPhone
		{112F53A3-BD1C-4EF0-8F3E-46E5075FDD78}.Debug|x86.ActiveCfg = Debug|iPhone
		{112F53A3-BD1C-4EF0-8F3E-46E5075FDD78}.Release|Any CPU.ActiveCfg = Release|iPhone
		{112F53A3-BD1C-4EF0-8F3E-46E5075FDD78}.Release|ARM.ActiveCfg = Release|iPhone
		{112F53A3-BD1C-4EF0-8F3E-46E5075FDD78}.Release|iPhone.ActiveCfg = Release|iPhone
		{112F53A3-BD1C-4EF0-8F3E-46E5075FDD78}.Release|iPhone.Build.0 = Release|iPhone
		{112F53A3-BD1C-4EF0-8F3E-46E5075FDD78}.Release|iPhoneSimulator.ActiveCfg = Release|iPhoneSimulator
		{112F53A3-BD1C-4EF0-8F3E-46E5075FDD78}.Release|iPhoneSimulator.Build.0 = Release|iPhoneSimulator
		{112F53A3-BD1C-4EF0-8F3E-46E5075FDD78}.Release|x64.ActiveCfg = Release|iPhone
		{112F53A3-BD1C-4EF0-8F3E-46E5075FDD78}.Release|x86.ActiveCfg = Release|iPhone
		{231DC3AC-9B9D-44A5-9BB2-2DE591697F0A}.Debug|Any CPU.ActiveCfg = Debug|Any CPU
		{231DC3AC-9B9D-44A5-9BB2-2DE591697F0A}.Debug|Any CPU.Build.0 = Debug|Any CPU
		{231DC3AC-9B9D-44A5-9BB2-2DE591697F0A}.Debug|ARM.ActiveCfg = Debug|Any CPU
		{231DC3AC-9B9D-44A5-9BB2-2DE591697F0A}.Debug|ARM.Build.0 = Debug|Any CPU
		{231DC3AC-9B9D-44A5-9BB2-2DE591697F0A}.Debug|iPhone.ActiveCfg = Debug|Any CPU
		{231DC3AC-9B9D-44A5-9BB2-2DE591697F0A}.Debug|iPhone.Build.0 = Debug|Any CPU
		{231DC3AC-9B9D-44A5-9BB2-2DE591697F0A}.Debug|iPhoneSimulator.ActiveCfg = Debug|Any CPU
		{231DC3AC-9B9D-44A5-9BB2-2DE591697F0A}.Debug|iPhoneSimulator.Build.0 = Debug|Any CPU
		{231DC3AC-9B9D-44A5-9BB2-2DE591697F0A}.Debug|x64.ActiveCfg = Debug|Any CPU
		{231DC3AC-9B9D-44A5-9BB2-2DE591697F0A}.Debug|x64.Build.0 = Debug|Any CPU
		{231DC3AC-9B9D-44A5-9BB2-2DE591697F0A}.Debug|x86.ActiveCfg = Debug|Any CPU
		{231DC3AC-9B9D-44A5-9BB2-2DE591697F0A}.Debug|x86.Build.0 = Debug|Any CPU
		{231DC3AC-9B9D-44A5-9BB2-2DE591697F0A}.Release|Any CPU.ActiveCfg = Release|Any CPU
		{231DC3AC-9B9D-44A5-9BB2-2DE591697F0A}.Release|Any CPU.Build.0 = Release|Any CPU
		{231DC3AC-9B9D-44A5-9BB2-2DE591697F0A}.Release|ARM.ActiveCfg = Release|Any CPU
		{231DC3AC-9B9D-44A5-9BB2-2DE591697F0A}.Release|ARM.Build.0 = Release|Any CPU
		{231DC3AC-9B9D-44A5-9BB2-2DE591697F0A}.Release|iPhone.ActiveCfg = Release|Any CPU
		{231DC3AC-9B9D-44A5-9BB2-2DE591697F0A}.Release|iPhone.Build.0 = Release|Any CPU
		{231DC3AC-9B9D-44A5-9BB2-2DE591697F0A}.Release|iPhoneSimulator.ActiveCfg = Release|Any CPU
		{231DC3AC-9B9D-44A5-9BB2-2DE591697F0A}.Release|iPhoneSimulator.Build.0 = Release|Any CPU
		{231DC3AC-9B9D-44A5-9BB2-2DE591697F0A}.Release|x64.ActiveCfg = Release|Any CPU
		{231DC3AC-9B9D-44A5-9BB2-2DE591697F0A}.Release|x64.Build.0 = Release|Any CPU
		{231DC3AC-9B9D-44A5-9BB2-2DE591697F0A}.Release|x86.ActiveCfg = Release|Any CPU
		{231DC3AC-9B9D-44A5-9BB2-2DE591697F0A}.Release|x86.Build.0 = Release|Any CPU
	EndGlobalSection
	GlobalSection(SolutionProperties) = preSolution
		HideSolutionNode = FALSE
	EndGlobalSection
	GlobalSection(NestedProjects) = preSolution
		{400EB1D7-522F-4C7A-BCD7-FEB2FA4C0F96} = {3261714C-03F7-491F-996B-D0215B81D6E7}
		{765CDA7F-B091-46FD-A12D-EBC1B71F9EAF} = {C3A384D5-5AB9-4724-ADF2-A0C405724BEB}
		{8B1D98FA-476F-4914-9D82-463FE9C77952} = {C3A384D5-5AB9-4724-ADF2-A0C405724BEB}
		{112F53A3-BD1C-4EF0-8F3E-46E5075FDD78} = {C3A384D5-5AB9-4724-ADF2-A0C405724BEB}
		{231DC3AC-9B9D-44A5-9BB2-2DE591697F0A} = {C3A384D5-5AB9-4724-ADF2-A0C405724BEB}
	EndGlobalSection
	GlobalSection(ExtensibilityGlobals) = postSolution
		SolutionGuid = {D6FE835E-9CD2-418E-8645-E0D4B6567A69}
	EndGlobalSection
EndGlobal
